{
    "_readme": [
        "This file locks the dependencies of your project to a known state",
        "Read more about it at http://getcomposer.org/doc/01-basic-usage.md#composer-lock-the-lock-file"
    ],
    "hash": "d2426162e4ac572ee6ae6f22f01b5850",
    "packages": [
        {
            "name": "zeroclipboard/zeroclipboard",
            "version": "2.1.6",
            "source": {
                "type": "git",
                "url": "https://github.com/zeroclipboard/zeroclipboard.git",
                "reference": "e4f6ab73861924341792aa671592cdcb45d6e5cc"
            },
            "dist": {
                "type": "zip",
                "url": "https://api.github.com/repos/zeroclipboard/zeroclipboard/zipball/e4f6ab73861924341792aa671592cdcb45d6e5cc",
                "reference": "e4f6ab73861924341792aa671592cdcb45d6e5cc",
                "shasum": ""
            },
            "type": "library",
            "notification-url": "https://packagist.org/downloads/",
            "license": [
                "MIT"
            ],
            "authors": [
                {
                    "name": "Jon Rohan",
                    "homepage": "http://jonrohan.me/",
                    "role": "Developer"
                },
                {
                    "name": "James M. Greene",
                    "email": "james.m.greene@gmail.com",
                    "homepage": "http://jamesgreene.net/",
                    "role": "Developer"
                }
            ],
            "description": "The ZeroClipboard library provides an easy way to copy text to the clipboard using an invisible Adobe Flash movie and a JavaScript interface.",
            "homepage": "http://zeroclipboard.org/",
            "keywords": [
                "clip",
                "clipboard",
                "clippy",
                "copy",
                "cut",
                "flash",
                "paste",
                "zclip"
            ],
            "time": "2014-07-27 06:38:43"
        }
    ],
    "packages-dev": [

    ],
    "aliases": [

    ],
    "minimum-stability": "stable",
    "stability-flags": [

    ],
    "platform": [

    ],
    "platform-dev": [

    ]
}
